Microsoft Visual Studio Solution File, Format Version 12.00
# Visual Studio Version 17
VisualStudioVersion = 17.5.2.0
MinimumVisualStudioVersion = 10.0.40219.1
Project("{FAE04EC0-301F-11D3-BF4B-00C04F79EFBC}") = "BaseConn.Api", "BaseConn.Api\BaseConn.Api.csproj", "{36F837BB-68F3-A90B-B140-61B061114DE7}"
EndProject
Project("{2150E333-8FDC-42A3-9474-1A3956D46DE8}") = ".SolutionItems", ".SolutionItems", "{63C96846-84BA-456E-AE63-3D7B30F77302}"
	ProjectSection(SolutionItems) = preProject
		Commands.txt = Commands.txt
		docker-compose.yml = docker-compose.yml
		Dockerfile = Dockerfile
	EndProjectSection
EndProject
Global
	GlobalSection(SolutionConfigurationPlatforms) = preSolution
		Debug|Any CPU = Debug|Any CPU
		Release|Any CPU = Release|Any CPU
	EndGlobalSection
	GlobalSection(ProjectConfigurationPlatforms) = postSolution
		{36F837BB-68F3-A90B-B140-61B061114DE7}.Debug|Any CPU.ActiveCfg = Debug|Any CPU
		{36F837BB-68F3-A90B-B140-61B061114DE7}.Debug|Any CPU.Build.0 = Debug|Any CPU
		{36F837BB-68F3-A90B-B140-61B061114DE7}.Release|Any CPU.ActiveCfg = Release|Any CPU
		{36F837BB-68F3-A90B-B140-61B061114DE7}.Release|Any CPU.Build.0 = Release|Any CPU
	EndGlobalSection
	GlobalSection(SolutionProperties) = preSolution
		HideSolutionNode = FALSE
	EndGlobalSection
	GlobalSection(ExtensibilityGlobals) = postSolution
		SolutionGuid = {8D5F3080-B98C-4E39-B087-EAA3AFE10FB9}
	EndGlobalSection
EndGlobal
