Microsoft Visual Studio Solution File, Format Version 12.00
# Visual Studio Version 17
VisualStudioVersion = 17.5.2.0
MinimumVisualStudioVersion = 10.0.40219.1
Project("{FAE04EC0-301F-11D3-BF4B-00C04F79EFBC}") = "BaseConn.Api", "BaseConn.Api\BaseConn.Api.csproj", "{36F837BB-68F3-A90B-B140-61B061114DE7}"
EndProject
Project("{FAE04EC0-301F-11D3-BF4B-00C04F79EFBC}") = "BaseConn.Domain", "BaseConn.Domain\BaseConn.Domain.csproj", "{0CD02173-1247-4E45-A3C4-CFEC4AE9A49C}"
EndProject
Project("{FAE04EC0-301F-11D3-BF4B-00C04F79EFBC}") = "BaseConn.Application", "BaseConn.Application\BaseConn.Application.csproj", "{79EC98EB-3B49-4DE1-A4BA-ED159732D2E8}"
EndProject
Project("{FAE04EC0-301F-11D3-BF4B-00C04F79EFBC}") = "BaseConn.Infrastructure", "BaseConn.Infrastructure\BaseConn.Infrastructure.csproj", "{4777CFF3-1B18-4634-B1E6-3F218174C03B}"
EndProject
Global
	GlobalSection(SolutionConfigurationPlatforms) = preSolution
		Debug|Any CPU = Debug|Any CPU
		Release|Any CPU = Release|Any CPU
	EndGlobalSection
	GlobalSection(ProjectConfigurationPlatforms) = postSolution
		{36F837BB-68F3-A90B-B140-61B061114DE7}.Debug|Any CPU.ActiveCfg = Debug|Any CPU
		{36F837BB-68F3-A90B-B140-61B061114DE7}.Debug|Any CPU.Build.0 = Debug|Any CPU
		{36F837BB-68F3-A90B-B140-61B061114DE7}.Release|Any CPU.ActiveCfg = Release|Any CPU
		{36F837BB-68F3-A90B-B140-61B061114DE7}.Release|Any CPU.Build.0 = Release|Any CPU
		{0CD02173-1247-4E45-A3C4-CFEC4AE9A49C}.Debug|Any CPU.ActiveCfg = Debug|Any CPU
		{0CD02173-1247-4E45-A3C4-CFEC4AE9A49C}.Debug|Any CPU.Build.0 = Debug|Any CPU
		{0CD02173-1247-4E45-A3C4-CFEC4AE9A49C}.Release|Any CPU.ActiveCfg = Release|Any CPU
		{0CD02173-1247-4E45-A3C4-CFEC4AE9A49C}.Release|Any CPU.Build.0 = Release|Any CPU
		{79EC98EB-3B49-4DE1-A4BA-ED159732D2E8}.Debug|Any CPU.ActiveCfg = Debug|Any CPU
		{79EC98EB-3B49-4DE1-A4BA-ED159732D2E8}.Debug|Any CPU.Build.0 = Debug|Any CPU
		{79EC98EB-3B49-4DE1-A4BA-ED159732D2E8}.Release|Any CPU.ActiveCfg = Release|Any CPU
		{79EC98EB-3B49-4DE1-A4BA-ED159732D2E8}.Release|Any CPU.Build.0 = Release|Any CPU
		{4777CFF3-1B18-4634-B1E6-3F218174C03B}.Debug|Any CPU.ActiveCfg = Debug|Any CPU
		{4777CFF3-1B18-4634-B1E6-3F218174C03B}.Debug|Any CPU.Build.0 = Debug|Any CPU
		{4777CFF3-1B18-4634-B1E6-3F218174C03B}.Release|Any CPU.ActiveCfg = Release|Any CPU
		{4777CFF3-1B18-4634-B1E6-3F218174C03B}.Release|Any CPU.Build.0 = Release|Any CPU
	EndGlobalSection
	GlobalSection(SolutionProperties) = preSolution
		HideSolutionNode = FALSE
	EndGlobalSection
	GlobalSection(ExtensibilityGlobals) = postSolution
		SolutionGuid = {8D5F3080-B98C-4E39-B087-EAA3AFE10FB9}
	EndGlobalSection
EndGlobal
